
Microsoft Visual Studio Solution File, Format Version 12.00
# Visual Studio Version 16
VisualStudioVersion = 16.0.29009.5
MinimumVisualStudioVersion = 10.0.40219.1
Project("{FAE04EC0-301F-11D3-BF4B-00C04F79EFBC}") = "MVCEX3", "MVCEX3\MVCEX3.csproj", "{5EEE9A02-BEF7-47F9-8842-5C590DDA249C}"
EndProject
Global
	GlobalSection(SolutionConfigurationPlatforms) = preSolution
		Debug|Any CPU = Debug|Any CPU
		Release|Any CPU = Release|Any CPU
	EndGlobalSection
	GlobalSection(ProjectConfigurationPlatforms) = postSolution
		{5EEE9A02-BEF7-47F9-8842-5C590DDA249C}.Debug|Any CPU.ActiveCfg = Debug|Any CPU
		{5EEE9A02-BEF7-47F9-8842-5C590DDA249C}.Debug|Any CPU.Build.0 = Debug|Any CPU
		{5EEE9A02-BEF7-47F9-8842-5C590DDA249C}.Release|Any CPU.ActiveCfg = Release|Any CPU
		{5EEE9A02-BEF7-47F9-8842-5C590DDA249C}.Release|Any CPU.Build.0 = Release|Any CPU
	EndGlobalSection
	GlobalSection(SolutionProperties) = preSolution
		HideSolutionNode = FALSE
	EndGlobalSection
	GlobalSection(ExtensibilityGlobals) = postSolution
		SolutionGuid = {78C55120-1310-453F-9F95-8995D13E42A2}
	EndGlobalSection
EndGlobal
